
Microsoft Visual Studio Solution File, Format Version 12.00
# Visual Studio Express 2012 for Windows Desktop
Project("{8BC9CEB8-8B4A-11D0-8D11-00A0C91BC942}") = "cgame", "cgame\cgame.vcxproj", "{01B4C7DB-37C1-4FB3-B630-2096703AE43B}"
EndProject
Project("{8BC9CEB8-8B4A-11D0-8D11-00A0C91BC942}") = "ui", "ui\ui.vcxproj", "{E83A6CCF-5F16-4197-97DA-592BABE9F26D}"
EndProject
Project("{8BC9CEB8-8B4A-11D0-8D11-00A0C91BC942}") = "jampgame", "game\jampgame.vcxproj", "{1AEA45DB-72E6-4ABE-95DF-F2130F9152BD}"
EndProject
Project("{8BC9CEB8-8B4A-11D0-8D11-00A0C91BC942}") = "openjkded", "openjkded.vcxproj", "{5C16CA21-E8E8-4FD6-8D16-DE6946166699}"
EndProject
Global
	GlobalSection(SolutionConfigurationPlatforms) = preSolution
		Release|Win32 = Release|Win32
	EndGlobalSection
	GlobalSection(ProjectConfigurationPlatforms) = postSolution
		{01B4C7DB-37C1-4FB3-B630-2096703AE43B}.Release|Win32.ActiveCfg = Release|Win32
		{01B4C7DB-37C1-4FB3-B630-2096703AE43B}.Release|Win32.Build.0 = Release|Win32
		{E83A6CCF-5F16-4197-97DA-592BABE9F26D}.Release|Win32.ActiveCfg = Release|Win32
		{E83A6CCF-5F16-4197-97DA-592BABE9F26D}.Release|Win32.Build.0 = Release|Win32
		{1AEA45DB-72E6-4ABE-95DF-F2130F9152BD}.Release|Win32.ActiveCfg = Release|Win32
		{1AEA45DB-72E6-4ABE-95DF-F2130F9152BD}.Release|Win32.Build.0 = Release|Win32
		{5C16CA21-E8E8-4FD6-8D16-DE6946166699}.Release|Win32.ActiveCfg = Release|Win32
		{5C16CA21-E8E8-4FD6-8D16-DE6946166699}.Release|Win32.Build.0 = Release|Win32
	EndGlobalSection
	GlobalSection(SolutionProperties) = preSolution
		HideSolutionNode = FALSE
	EndGlobalSection
EndGlobal
